
Microsoft Visual Studio Solution File, Format Version 12.00
# Visual Studio Version 16
VisualStudioVersion = 16.0.30011.22
MinimumVisualStudioVersion = 10.0.40219.1
Project("{FAE04EC0-301F-11D3-BF4B-00C04F79EFBC}") = "HL7Base64Decoder", "HL7Base64Decoder.csproj", "{F881FD50-A7EB-4F3E-8023-12FF7CE505E5}"
EndProject
Global
	GlobalSection(SolutionConfigurationPlatforms) = preSolution
		Debug|Any CPU = Debug|Any CPU
		Release|Any CPU = Release|Any CPU
	EndGlobalSection
	GlobalSection(ProjectConfigurationPlatforms) = postSolution
		{F881FD50-A7EB-4F3E-8023-12FF7CE505E5}.Debug|Any CPU.ActiveCfg = Debug|Any CPU
		{F881FD50-A7EB-4F3E-8023-12FF7CE505E5}.Debug|Any CPU.Build.0 = Debug|Any CPU
		{F881FD50-A7EB-4F3E-8023-12FF7CE505E5}.Release|Any CPU.ActiveCfg = Release|Any CPU
		{F881FD50-A7EB-4F3E-8023-12FF7CE505E5}.Release|Any CPU.Build.0 = Release|Any CPU
	EndGlobalSection
	GlobalSection(SolutionProperties) = preSolution
		HideSolutionNode = FALSE
	EndGlobalSection
	GlobalSection(ExtensibilityGlobals) = postSolution
		SolutionGuid = {BE359850-2E71-4E26-B28E-6365BAFF5231}
	EndGlobalSection
EndGlobal
